
Microsoft Visual Studio Solution File, Format Version 12.00
# Visual Studio Version 17
VisualStudioVersion = 17.0.31903.59
MinimumVisualStudioVersion = 10.0.40219.1
Project("{2150E333-8FDC-42A3-9474-1A3956D46DE8}") = "src", "src", "{827E0CD3-B72D-47B6-A68D-7590B98EB39B}"
EndProject
Project("{FAE04EC0-301F-11D3-BF4B-00C04F79EFBC}") = "Ecosystem.Domain", "src\Ecosystem.Domain\Ecosystem.Domain.csproj", "{DEC46DFA-6B50-4645-88F9-EE34BB1BF5B8}"
EndProject
Project("{FAE04EC0-301F-11D3-BF4B-00C04F79EFBC}") = "Ecosystem.Application", "src\Ecosystem.Application\Ecosystem.Application.csproj", "{F962713A-57A4-4B6E-A68D-BE730B881B69}"
EndProject
Project("{FAE04EC0-301F-11D3-BF4B-00C04F79EFBC}") = "Ecosystem.Infrastructure", "src\Ecosystem.Infrastructure\Ecosystem.Infrastructure.csproj", "{7D0688E8-7310-44C4-8445-EC2975667167}"
EndProject
Project("{FAE04EC0-301F-11D3-BF4B-00C04F79EFBC}") = "Ecosystem.Persistence.WriteDb", "src\Ecosystem.Persistence.WriteDb\Ecosystem.Persistence.WriteDb.csproj", "{6EF29FB9-78CD-4C00-A16D-016E9CE975A4}"
EndProject
Project("{FAE04EC0-301F-11D3-BF4B-00C04F79EFBC}") = "Ecosystem.Persistence.ReadDb", "src\Ecosystem.Persistence.ReadDb\Ecosystem.Persistence.ReadDb.csproj", "{0B102DF6-F709-4785-B7F6-523FE6FFF523}"
EndProject
Project("{FAE04EC0-301F-11D3-BF4B-00C04F79EFBC}") = "Ecosystem.WebApi", "src\Ecosystem.WebApi\Ecosystem.WebApi.csproj", "{A78135C1-7DB0-4FBD-BA35-8DD7EE97DB52}"
EndProject
Project("{FAE04EC0-301F-11D3-BF4B-00C04F79EFBC}") = "Ecosystem.Shared", "src\Ecosystem.Shared\Ecosystem.Shared.csproj", "{EA81E654-DDEF-42B6-A589-84284D7954E3}"
EndProject
Project("{FAE04EC0-301F-11D3-BF4B-00C04F79EFBC}") = "Ecosystem.AppHost", "src\Ecosystem.AppHost\Ecosystem.AppHost.csproj", "{18337E7F-CE58-4E45-8B35-91828AF3C70E}"
EndProject
Project("{FAE04EC0-301F-11D3-BF4B-00C04F79EFBC}") = "Ecosystem.ServiceDefaults", "src\Ecosystem.ServiceDefaults\Ecosystem.ServiceDefaults.csproj", "{A793C617-F48C-44B0-A6DD-4A90C8490E75}"
EndProject
Project("{2150E333-8FDC-42A3-9474-1A3956D46DE8}") = "tests", "tests", "{0AB3BF05-4346-4AA6-1389-037BE0695223}"
EndProject
Project("{FAE04EC0-301F-11D3-BF4B-00C04F79EFBC}") = "Ecosystem.Domain.UnitTests", "tests\Ecosystem.Domain.UnitTests\Ecosystem.Domain.UnitTests.csproj", "{A3A5B3EE-F146-47D1-964E-19C72AB25B98}"
EndProject
Project("{FAE04EC0-301F-11D3-BF4B-00C04F79EFBC}") = "Ecosystem.Application.UnitTests", "tests\Ecosystem.Application.UnitTests\Ecosystem.Application.UnitTests.csproj", "{2AC35ADD-6DEE-44E6-83D0-C0EB7A4170E2}"
EndProject
Project("{FAE04EC0-301F-11D3-BF4B-00C04F79EFBC}") = "Ecosystem.Application.IntegrationTests", "tests\Ecosystem.Application.IntegrationTests\Ecosystem.Application.IntegrationTests.csproj", "{2EDEBB1E-28C3-4B40-B4BC-2CC47E838A46}"
EndProject
Project("{FAE04EC0-301F-11D3-BF4B-00C04F79EFBC}") = "Ecosystem.Architecture.Tests", "tests\Ecosystem.Architecture.Tests\Ecosystem.Architecture.Tests.csproj", "{A9797BD4-C377-4B43-A7DB-8DD17BE3901C}"
EndProject
Project("{2150E333-8FDC-42A3-9474-1A3956D46DE8}") = "Aspire", "Aspire", "{02EA681E-C7D8-13C7-8484-4AC65E1B71E8}"
EndProject
Project("{2150E333-8FDC-42A3-9474-1A3956D46DE8}") = "Application", "Application", "{01A82413-CFEC-4477-8DCD-E39040085DB6}"
EndProject
Project("{2150E333-8FDC-42A3-9474-1A3956D46DE8}") = "Domain", "Domain", "{C7C18AA5-BBB8-4989-8F82-9F3A47ACDAAF}"
EndProject
Project("{2150E333-8FDC-42A3-9474-1A3956D46DE8}") = "Infrastructures", "Infrastructures", "{163169DC-1804-47A3-94F2-87BBD951C0A1}"
EndProject
Project("{2150E333-8FDC-42A3-9474-1A3956D46DE8}") = "Share", "Share", "{9BE95264-F870-4028-9913-D2D2D4765DFE}"
EndProject
Project("{2150E333-8FDC-42A3-9474-1A3956D46DE8}") = "Presentation", "Presentation", "{AD9A55DD-2C0E-49DC-819D-BF7D931E86E1}"
EndProject
Project("{2150E333-8FDC-42A3-9474-1A3956D46DE8}") = "Solution Items", "Solution Items", "{3BB718FD-ED42-4425-B870-E53BCEA28D5D}"
	ProjectSection(SolutionItems) = preProject
		.editorconfig = .editorconfig
		Directory.Build.props = Directory.Build.props
		Directory.Packages.props = Directory.Packages.props
	EndProjectSection
EndProject
Global
	GlobalSection(SolutionConfigurationPlatforms) = preSolution
		Debug|Any CPU = Debug|Any CPU
		Debug|x64 = Debug|x64
		Debug|x86 = Debug|x86
		Release|Any CPU = Release|Any CPU
		Release|x64 = Release|x64
		Release|x86 = Release|x86
	EndGlobalSection
	GlobalSection(ProjectConfigurationPlatforms) = postSolution
		{DEC46DFA-6B50-4645-88F9-EE34BB1BF5B8}.Debug|Any CPU.ActiveCfg = Debug|Any CPU
		{DEC46DFA-6B50-4645-88F9-EE34BB1BF5B8}.Debug|Any CPU.Build.0 = Debug|Any CPU
		{DEC46DFA-6B50-4645-88F9-EE34BB1BF5B8}.Debug|x64.ActiveCfg = Debug|Any CPU
		{DEC46DFA-6B50-4645-88F9-EE34BB1BF5B8}.Debug|x64.Build.0 = Debug|Any CPU
		{DEC46DFA-6B50-4645-88F9-EE34BB1BF5B8}.Debug|x86.ActiveCfg = Debug|Any CPU
		{DEC46DFA-6B50-4645-88F9-EE34BB1BF5B8}.Debug|x86.Build.0 = Debug|Any CPU
		{DEC46DFA-6B50-4645-88F9-EE34BB1BF5B8}.Release|Any CPU.ActiveCfg = Release|Any CPU
		{DEC46DFA-6B50-4645-88F9-EE34BB1BF5B8}.Release|Any CPU.Build.0 = Release|Any CPU
		{DEC46DFA-6B50-4645-88F9-EE34BB1BF5B8}.Release|x64.ActiveCfg = Release|Any CPU
		{DEC46DFA-6B50-4645-88F9-EE34BB1BF5B8}.Release|x64.Build.0 = Release|Any CPU
		{DEC46DFA-6B50-4645-88F9-EE34BB1BF5B8}.Release|x86.ActiveCfg = Release|Any CPU
		{DEC46DFA-6B50-4645-88F9-EE34BB1BF5B8}.Release|x86.Build.0 = Release|Any CPU
		{F962713A-57A4-4B6E-A68D-BE730B881B69}.Debug|Any CPU.ActiveCfg = Debug|Any CPU
		{F962713A-57A4-4B6E-A68D-BE730B881B69}.Debug|Any CPU.Build.0 = Debug|Any CPU
		{F962713A-57A4-4B6E-A68D-BE730B881B69}.Debug|x64.ActiveCfg = Debug|Any CPU
		{F962713A-57A4-4B6E-A68D-BE730B881B69}.Debug|x64.Build.0 = Debug|Any CPU
		{F962713A-57A4-4B6E-A68D-BE730B881B69}.Debug|x86.ActiveCfg = Debug|Any CPU
		{F962713A-57A4-4B6E-A68D-BE730B881B69}.Debug|x86.Build.0 = Debug|Any CPU
		{F962713A-57A4-4B6E-A68D-BE730B881B69}.Release|Any CPU.ActiveCfg = Release|Any CPU
		{F962713A-57A4-4B6E-A68D-BE730B881B69}.Release|Any CPU.Build.0 = Release|Any CPU
		{F962713A-57A4-4B6E-A68D-BE730B881B69}.Release|x64.ActiveCfg = Release|Any CPU
		{F962713A-57A4-4B6E-A68D-BE730B881B69}.Release|x64.Build.0 = Release|Any CPU
		{F962713A-57A4-4B6E-A68D-BE730B881B69}.Release|x86.ActiveCfg = Release|Any CPU
		{F962713A-57A4-4B6E-A68D-BE730B881B69}.Release|x86.Build.0 = Release|Any CPU
		{7D0688E8-7310-44C4-8445-EC2975667167}.Debug|Any CPU.ActiveCfg = Debug|Any CPU
		{7D0688E8-7310-44C4-8445-EC2975667167}.Debug|Any CPU.Build.0 = Debug|Any CPU
		{7D0688E8-7310-44C4-8445-EC2975667167}.Debug|x64.ActiveCfg = Debug|Any CPU
		{7D0688E8-7310-44C4-8445-EC2975667167}.Debug|x64.Build.0 = Debug|Any CPU
		{7D0688E8-7310-44C4-8445-EC2975667167}.Debug|x86.ActiveCfg = Debug|Any CPU
		{7D0688E8-7310-44C4-8445-EC2975667167}.Debug|x86.Build.0 = Debug|Any CPU
		{7D0688E8-7310-44C4-8445-EC2975667167}.Release|Any CPU.ActiveCfg = Release|Any CPU
		{7D0688E8-7310-44C4-8445-EC2975667167}.Release|Any CPU.Build.0 = Release|Any CPU
		{7D0688E8-7310-44C4-8445-EC2975667167}.Release|x64.ActiveCfg = Release|Any CPU
		{7D0688E8-7310-44C4-8445-EC2975667167}.Release|x64.Build.0 = Release|Any CPU
		{7D0688E8-7310-44C4-8445-EC2975667167}.Release|x86.ActiveCfg = Release|Any CPU
		{7D0688E8-7310-44C4-8445-EC2975667167}.Release|x86.Build.0 = Release|Any CPU
		{6EF29FB9-78CD-4C00-A16D-016E9CE975A4}.Debug|Any CPU.ActiveCfg = Debug|Any CPU
		{6EF29FB9-78CD-4C00-A16D-016E9CE975A4}.Debug|Any CPU.Build.0 = Debug|Any CPU
		{6EF29FB9-78CD-4C00-A16D-016E9CE975A4}.Debug|x64.ActiveCfg = Debug|Any CPU
		{6EF29FB9-78CD-4C00-A16D-016E9CE975A4}.Debug|x64.Build.0 = Debug|Any CPU
		{6EF29FB9-78CD-4C00-A16D-016E9CE975A4}.Debug|x86.ActiveCfg = Debug|Any CPU
		{6EF29FB9-78CD-4C00-A16D-016E9CE975A4}.Debug|x86.Build.0 = Debug|Any CPU
		{6EF29FB9-78CD-4C00-A16D-016E9CE975A4}.Release|Any CPU.ActiveCfg = Release|Any CPU
		{6EF29FB9-78CD-4C00-A16D-016E9CE975A4}.Release|Any CPU.Build.0 = Release|Any CPU
		{6EF29FB9-78CD-4C00-A16D-016E9CE975A4}.Release|x64.ActiveCfg = Release|Any CPU
		{6EF29FB9-78CD-4C00-A16D-016E9CE975A4}.Release|x64.Build.0 = Release|Any CPU
		{6EF29FB9-78CD-4C00-A16D-016E9CE975A4}.Release|x86.ActiveCfg = Release|Any CPU
		{6EF29FB9-78CD-4C00-A16D-016E9CE975A4}.Release|x86.Build.0 = Release|Any CPU
		{0B102DF6-F709-4785-B7F6-523FE6FFF523}.Debug|Any CPU.ActiveCfg = Debug|Any CPU
		{0B102DF6-F709-4785-B7F6-523FE6FFF523}.Debug|Any CPU.Build.0 = Debug|Any CPU
		{0B102DF6-F709-4785-B7F6-523FE6FFF523}.Debug|x64.ActiveCfg = Debug|Any CPU
		{0B102DF6-F709-4785-B7F6-523FE6FFF523}.Debug|x64.Build.0 = Debug|Any CPU
		{0B102DF6-F709-4785-B7F6-523FE6FFF523}.Debug|x86.ActiveCfg = Debug|Any CPU
		{0B102DF6-F709-4785-B7F6-523FE6FFF523}.Debug|x86.Build.0 = Debug|Any CPU
		{0B102DF6-F709-4785-B7F6-523FE6FFF523}.Release|Any CPU.ActiveCfg = Release|Any CPU
		{0B102DF6-F709-4785-B7F6-523FE6FFF523}.Release|Any CPU.Build.0 = Release|Any CPU
		{0B102DF6-F709-4785-B7F6-523FE6FFF523}.Release|x64.ActiveCfg = Release|Any CPU
		{0B102DF6-F709-4785-B7F6-523FE6FFF523}.Release|x64.Build.0 = Release|Any CPU
		{0B102DF6-F709-4785-B7F6-523FE6FFF523}.Release|x86.ActiveCfg = Release|Any CPU
		{0B102DF6-F709-4785-B7F6-523FE6FFF523}.Release|x86.Build.0 = Release|Any CPU
		{A78135C1-7DB0-4FBD-BA35-8DD7EE97DB52}.Debug|Any CPU.ActiveCfg = Debug|Any CPU
		{A78135C1-7DB0-4FBD-BA35-8DD7EE97DB52}.Debug|Any CPU.Build.0 = Debug|Any CPU
		{A78135C1-7DB0-4FBD-BA35-8DD7EE97DB52}.Debug|x64.ActiveCfg = Debug|Any CPU
		{A78135C1-7DB0-4FBD-BA35-8DD7EE97DB52}.Debug|x64.Build.0 = Debug|Any CPU
		{A78135C1-7DB0-4FBD-BA35-8DD7EE97DB52}.Debug|x86.ActiveCfg = Debug|Any CPU
		{A78135C1-7DB0-4FBD-BA35-8DD7EE97DB52}.Debug|x86.Build.0 = Debug|Any CPU
		{A78135C1-7DB0-4FBD-BA35-8DD7EE97DB52}.Release|Any CPU.ActiveCfg = Release|Any CPU
		{A78135C1-7DB0-4FBD-BA35-8DD7EE97DB52}.Release|Any CPU.Build.0 = Release|Any CPU
		{A78135C1-7DB0-4FBD-BA35-8DD7EE97DB52}.Release|x64.ActiveCfg = Release|Any CPU
		{A78135C1-7DB0-4FBD-BA35-8DD7EE97DB52}.Release|x64.Build.0 = Release|Any CPU
		{A78135C1-7DB0-4FBD-BA35-8DD7EE97DB52}.Release|x86.ActiveCfg = Release|Any CPU
		{A78135C1-7DB0-4FBD-BA35-8DD7EE97DB52}.Release|x86.Build.0 = Release|Any CPU
		{EA81E654-DDEF-42B6-A589-84284D7954E3}.Debug|Any CPU.ActiveCfg = Debug|Any CPU
		{EA81E654-DDEF-42B6-A589-84284D7954E3}.Debug|Any CPU.Build.0 = Debug|Any CPU
		{EA81E654-DDEF-42B6-A589-84284D7954E3}.Debug|x64.ActiveCfg = Debug|Any CPU
		{EA81E654-DDEF-42B6-A589-84284D7954E3}.Debug|x64.Build.0 = Debug|Any CPU
		{EA81E654-DDEF-42B6-A589-84284D7954E3}.Debug|x86.ActiveCfg = Debug|Any CPU
		{EA81E654-DDEF-42B6-A589-84284D7954E3}.Debug|x86.Build.0 = Debug|Any CPU
		{EA81E654-DDEF-42B6-A589-84284D7954E3}.Release|Any CPU.ActiveCfg = Release|Any CPU
		{EA81E654-DDEF-42B6-A589-84284D7954E3}.Release|Any CPU.Build.0 = Release|Any CPU
		{EA81E654-DDEF-42B6-A589-84284D7954E3}.Release|x64.ActiveCfg = Release|Any CPU
		{EA81E654-DDEF-42B6-A589-84284D7954E3}.Release|x64.Build.0 = Release|Any CPU
		{EA81E654-DDEF-42B6-A589-84284D7954E3}.Release|x86.ActiveCfg = Release|Any CPU
		{EA81E654-DDEF-42B6-A589-84284D7954E3}.Release|x86.Build.0 = Release|Any CPU
		{18337E7F-CE58-4E45-8B35-91828AF3C70E}.Debug|Any CPU.ActiveCfg = Debug|Any CPU
		{18337E7F-CE58-4E45-8B35-91828AF3C70E}.Debug|Any CPU.Build.0 = Debug|Any CPU
		{18337E7F-CE58-4E45-8B35-91828AF3C70E}.Debug|x64.ActiveCfg = Debug|Any CPU
		{18337E7F-CE58-4E45-8B35-91828AF3C70E}.Debug|x64.Build.0 = Debug|Any CPU
		{18337E7F-CE58-4E45-8B35-91828AF3C70E}.Debug|x86.ActiveCfg = Debug|Any CPU
		{18337E7F-CE58-4E45-8B35-91828AF3C70E}.Debug|x86.Build.0 = Debug|Any CPU
		{18337E7F-CE58-4E45-8B35-91828AF3C70E}.Release|Any CPU.ActiveCfg = Release|Any CPU
		{18337E7F-CE58-4E45-8B35-91828AF3C70E}.Release|Any CPU.Build.0 = Release|Any CPU
		{18337E7F-CE58-4E45-8B35-91828AF3C70E}.Release|x64.ActiveCfg = Release|Any CPU
		{18337E7F-CE58-4E45-8B35-91828AF3C70E}.Release|x64.Build.0 = Release|Any CPU
		{18337E7F-CE58-4E45-8B35-91828AF3C70E}.Release|x86.ActiveCfg = Release|Any CPU
		{18337E7F-CE58-4E45-8B35-91828AF3C70E}.Release|x86.Build.0 = Release|Any CPU
		{A793C617-F48C-44B0-A6DD-4A90C8490E75}.Debug|Any CPU.ActiveCfg = Debug|Any CPU
		{A793C617-F48C-44B0-A6DD-4A90C8490E75}.Debug|Any CPU.Build.0 = Debug|Any CPU
		{A793C617-F48C-44B0-A6DD-4A90C8490E75}.Debug|x64.ActiveCfg = Debug|Any CPU
		{A793C617-F48C-44B0-A6DD-4A90C8490E75}.Debug|x64.Build.0 = Debug|Any CPU
		{A793C617-F48C-44B0-A6DD-4A90C8490E75}.Debug|x86.ActiveCfg = Debug|Any CPU
		{A793C617-F48C-44B0-A6DD-4A90C8490E75}.Debug|x86.Build.0 = Debug|Any CPU
		{A793C617-F48C-44B0-A6DD-4A90C8490E75}.Release|Any CPU.ActiveCfg = Release|Any CPU
		{A793C617-F48C-44B0-A6DD-4A90C8490E75}.Release|Any CPU.Build.0 = Release|Any CPU
		{A793C617-F48C-44B0-A6DD-4A90C8490E75}.Release|x64.ActiveCfg = Release|Any CPU
		{A793C617-F48C-44B0-A6DD-4A90C8490E75}.Release|x64.Build.0 = Release|Any CPU
		{A793C617-F48C-44B0-A6DD-4A90C8490E75}.Release|x86.ActiveCfg = Release|Any CPU
		{A793C617-F48C-44B0-A6DD-4A90C8490E75}.Release|x86.Build.0 = Release|Any CPU
		{A3A5B3EE-F146-47D1-964E-19C72AB25B98}.Debug|Any CPU.ActiveCfg = Debug|Any CPU
		{A3A5B3EE-F146-47D1-964E-19C72AB25B98}.Debug|Any CPU.Build.0 = Debug|Any CPU
		{A3A5B3EE-F146-47D1-964E-19C72AB25B98}.Debug|x64.ActiveCfg = Debug|Any CPU
		{A3A5B3EE-F146-47D1-964E-19C72AB25B98}.Debug|x64.Build.0 = Debug|Any CPU
		{A3A5B3EE-F146-47D1-964E-19C72AB25B98}.Debug|x86.ActiveCfg = Debug|Any CPU
		{A3A5B3EE-F146-47D1-964E-19C72AB25B98}.Debug|x86.Build.0 = Debug|Any CPU
		{A3A5B3EE-F146-47D1-964E-19C72AB25B98}.Release|Any CPU.ActiveCfg = Release|Any CPU
		{A3A5B3EE-F146-47D1-964E-19C72AB25B98}.Release|Any CPU.Build.0 = Release|Any CPU
		{A3A5B3EE-F146-47D1-964E-19C72AB25B98}.Release|x64.ActiveCfg = Release|Any CPU
		{A3A5B3EE-F146-47D1-964E-19C72AB25B98}.Release|x64.Build.0 = Release|Any CPU
		{A3A5B3EE-F146-47D1-964E-19C72AB25B98}.Release|x86.ActiveCfg = Release|Any CPU
		{A3A5B3EE-F146-47D1-964E-19C72AB25B98}.Release|x86.Build.0 = Release|Any CPU
		{2AC35ADD-6DEE-44E6-83D0-C0EB7A4170E2}.Debug|Any CPU.ActiveCfg = Debug|Any CPU
		{2AC35ADD-6DEE-44E6-83D0-C0EB7A4170E2}.Debug|Any CPU.Build.0 = Debug|Any CPU
		{2AC35ADD-6DEE-44E6-83D0-C0EB7A4170E2}.Debug|x64.ActiveCfg = Debug|Any CPU
		{2AC35ADD-6DEE-44E6-83D0-C0EB7A4170E2}.Debug|x64.Build.0 = Debug|Any CPU
		{2AC35ADD-6DEE-44E6-83D0-C0EB7A4170E2}.Debug|x86.ActiveCfg = Debug|Any CPU
		{2AC35ADD-6DEE-44E6-83D0-C0EB7A4170E2}.Debug|x86.Build.0 = Debug|Any CPU
		{2AC35ADD-6DEE-44E6-83D0-C0EB7A4170E2}.Release|Any CPU.ActiveCfg = Release|Any CPU
		{2AC35ADD-6DEE-44E6-83D0-C0EB7A4170E2}.Release|Any CPU.Build.0 = Release|Any CPU
		{2AC35ADD-6DEE-44E6-83D0-C0EB7A4170E2}.Release|x64.ActiveCfg = Release|Any CPU
		{2AC35ADD-6DEE-44E6-83D0-C0EB7A4170E2}.Release|x64.Build.0 = Release|Any CPU
		{2AC35ADD-6DEE-44E6-83D0-C0EB7A4170E2}.Release|x86.ActiveCfg = Release|Any CPU
		{2AC35ADD-6DEE-44E6-83D0-C0EB7A4170E2}.Release|x86.Build.0 = Release|Any CPU
		{2EDEBB1E-28C3-4B40-B4BC-2CC47E838A46}.Debug|Any CPU.ActiveCfg = Debug|Any CPU
		{2EDEBB1E-28C3-4B40-B4BC-2CC47E838A46}.Debug|Any CPU.Build.0 = Debug|Any CPU
		{2EDEBB1E-28C3-4B40-B4BC-2CC47E838A46}.Debug|x64.ActiveCfg = Debug|Any CPU
		{2EDEBB1E-28C3-4B40-B4BC-2CC47E838A46}.Debug|x64.Build.0 = Debug|Any CPU
		{2EDEBB1E-28C3-4B40-B4BC-2CC47E838A46}.Debug|x86.ActiveCfg = Debug|Any CPU
		{2EDEBB1E-28C3-4B40-B4BC-2CC47E838A46}.Debug|x86.Build.0 = Debug|Any CPU
		{2EDEBB1E-28C3-4B40-B4BC-2CC47E838A46}.Release|Any CPU.ActiveCfg = Release|Any CPU
		{2EDEBB1E-28C3-4B40-B4BC-2CC47E838A46}.Release|Any CPU.Build.0 = Release|Any CPU
		{2EDEBB1E-28C3-4B40-B4BC-2CC47E838A46}.Release|x64.ActiveCfg = Release|Any CPU
		{2EDEBB1E-28C3-4B40-B4BC-2CC47E838A46}.Release|x64.Build.0 = Release|Any CPU
		{2EDEBB1E-28C3-4B40-B4BC-2CC47E838A46}.Release|x86.ActiveCfg = Release|Any CPU
		{2EDEBB1E-28C3-4B40-B4BC-2CC47E838A46}.Release|x86.Build.0 = Release|Any CPU
		{A9797BD4-C377-4B43-A7DB-8DD17BE3901C}.Debug|Any CPU.ActiveCfg = Debug|Any CPU
		{A9797BD4-C377-4B43-A7DB-8DD17BE3901C}.Debug|Any CPU.Build.0 = Debug|Any CPU
		{A9797BD4-C377-4B43-A7DB-8DD17BE3901C}.Debug|x64.ActiveCfg = Debug|Any CPU
		{A9797BD4-C377-4B43-A7DB-8DD17BE3901C}.Debug|x64.Build.0 = Debug|Any CPU
		{A9797BD4-C377-4B43-A7DB-8DD17BE3901C}.Debug|x86.ActiveCfg = Debug|Any CPU
		{A9797BD4-C377-4B43-A7DB-8DD17BE3901C}.Debug|x86.Build.0 = Debug|Any CPU
		{A9797BD4-C377-4B43-A7DB-8DD17BE3901C}.Release|Any CPU.ActiveCfg = Release|Any CPU
		{A9797BD4-C377-4B43-A7DB-8DD17BE3901C}.Release|Any CPU.Build.0 = Release|Any CPU
		{A9797BD4-C377-4B43-A7DB-8DD17BE3901C}.Release|x64.ActiveCfg = Release|Any CPU
		{A9797BD4-C377-4B43-A7DB-8DD17BE3901C}.Release|x64.Build.0 = Release|Any CPU
		{A9797BD4-C377-4B43-A7DB-8DD17BE3901C}.Release|x86.ActiveCfg = Release|Any CPU
		{A9797BD4-C377-4B43-A7DB-8DD17BE3901C}.Release|x86.Build.0 = Release|Any CPU
	EndGlobalSection
	GlobalSection(SolutionProperties) = preSolution
		HideSolutionNode = FALSE
	EndGlobalSection
	GlobalSection(NestedProjects) = preSolution
		{DEC46DFA-6B50-4645-88F9-EE34BB1BF5B8} = {C7C18AA5-BBB8-4989-8F82-9F3A47ACDAAF}
		{F962713A-57A4-4B6E-A68D-BE730B881B69} = {01A82413-CFEC-4477-8DCD-E39040085DB6}
		{7D0688E8-7310-44C4-8445-EC2975667167} = {163169DC-1804-47A3-94F2-87BBD951C0A1}
		{6EF29FB9-78CD-4C00-A16D-016E9CE975A4} = {163169DC-1804-47A3-94F2-87BBD951C0A1}
		{0B102DF6-F709-4785-B7F6-523FE6FFF523} = {163169DC-1804-47A3-94F2-87BBD951C0A1}
		{A78135C1-7DB0-4FBD-BA35-8DD7EE97DB52} = {AD9A55DD-2C0E-49DC-819D-BF7D931E86E1}
		{EA81E654-DDEF-42B6-A589-84284D7954E3} = {9BE95264-F870-4028-9913-D2D2D4765DFE}
		{18337E7F-CE58-4E45-8B35-91828AF3C70E} = {02EA681E-C7D8-13C7-8484-4AC65E1B71E8}
		{A793C617-F48C-44B0-A6DD-4A90C8490E75} = {02EA681E-C7D8-13C7-8484-4AC65E1B71E8}
		{A3A5B3EE-F146-47D1-964E-19C72AB25B98} = {0AB3BF05-4346-4AA6-1389-037BE0695223}
		{2AC35ADD-6DEE-44E6-83D0-C0EB7A4170E2} = {0AB3BF05-4346-4AA6-1389-037BE0695223}
		{2EDEBB1E-28C3-4B40-B4BC-2CC47E838A46} = {0AB3BF05-4346-4AA6-1389-037BE0695223}
		{A9797BD4-C377-4B43-A7DB-8DD17BE3901C} = {0AB3BF05-4346-4AA6-1389-037BE0695223}
		{02EA681E-C7D8-13C7-8484-4AC65E1B71E8} = {827E0CD3-B72D-47B6-A68D-7590B98EB39B}
		{01A82413-CFEC-4477-8DCD-E39040085DB6} = {827E0CD3-B72D-47B6-A68D-7590B98EB39B}
		{C7C18AA5-BBB8-4989-8F82-9F3A47ACDAAF} = {827E0CD3-B72D-47B6-A68D-7590B98EB39B}
		{163169DC-1804-47A3-94F2-87BBD951C0A1} = {827E0CD3-B72D-47B6-A68D-7590B98EB39B}
		{9BE95264-F870-4028-9913-D2D2D4765DFE} = {827E0CD3-B72D-47B6-A68D-7590B98EB39B}
		{AD9A55DD-2C0E-49DC-819D-BF7D931E86E1} = {827E0CD3-B72D-47B6-A68D-7590B98EB39B}
	EndGlobalSection
	GlobalSection(ExtensibilityGlobals) = postSolution
		SolutionGuid = {DF030CC9-4322-4BB1-8EE3-CFB04C2C3A15}
	EndGlobalSection
EndGlobal
