# This file is generated by running "yarn install" inside your project.
# Manual changes might be lost - proceed with caution!

__metadata:
  version: 8
  cacheKey: 10c0

"@abp/aspnetcore.mvc.ui.theme.leptonxlite@npm:~4.0.0":
  version: 4.0.0
  resolution: "@abp/aspnetcore.mvc.ui.theme.leptonxlite@npm:4.0.0"
  dependencies:
    "@abp/aspnetcore.mvc.ui.theme.shared": "npm:~9.0.0"
  checksum: 10c0/b942549312cd8f6c0448295256061299948ad969a6d0f363393f94d5e59a7d421f6f6910c25cccccc65edc736ff6e12c2c3997eb7f5afd15f448fbf9078fc40e
  languageName: node
  linkType: hard

"@abp/aspnetcore.mvc.ui.theme.shared@npm:~9.0.0":
  version: 9.0.0
  resolution: "@abp/aspnetcore.mvc.ui.theme.shared@npm:9.0.0"
  dependencies:
    "@abp/aspnetcore.mvc.ui": "npm:~9.0.0"
    "@abp/bootstrap": "npm:~9.0.0"
    "@abp/bootstrap-datepicker": "npm:~9.0.0"
    "@abp/bootstrap-daterangepicker": "npm:~9.0.0"
    "@abp/datatables.net-bs5": "npm:~9.0.0"
    "@abp/font-awesome": "npm:~9.0.0"
    "@abp/jquery-form": "npm:~9.0.0"
    "@abp/jquery-validation-unobtrusive": "npm:~9.0.0"
    "@abp/lodash": "npm:~9.0.0"
    "@abp/luxon": "npm:~9.0.0"
    "@abp/malihu-custom-scrollbar-plugin": "npm:~9.0.0"
    "@abp/moment": "npm:~9.0.0"
    "@abp/select2": "npm:~9.0.0"
    "@abp/sweetalert2": "npm:~9.0.0"
    "@abp/timeago": "npm:~9.0.0"
    "@abp/toastr": "npm:~9.0.0"
  checksum: 10c0/a6f2b6856d678272d76c1872b1ea43dfb29d57a439d386e4228cc7f926f9de44625ff3b517f89c05b30e2b0dc377ac25bec52f5355f4e854b2220b492bf72b17
  languageName: node
  linkType: hard

"@abp/aspnetcore.mvc.ui@npm:~9.0.0":
  version: 9.0.0
  resolution: "@abp/aspnetcore.mvc.ui@npm:9.0.0"
  dependencies:
    ansi-colors: "npm:^4.1.3"
  checksum: 10c0/f1a9c6f913f882089735e6376beb5bea9f76383d4cf99c8792fc60f05bb7fea258dfabe358a8794d52b36320f9becb3dcfc80cb9a66572282a95f67340b9e16d
  languageName: node
  linkType: hard

"@abp/bootstrap-datepicker@npm:~9.0.0":
  version: 9.0.0
  resolution: "@abp/bootstrap-datepicker@npm:9.0.0"
  dependencies:
    bootstrap-datepicker: "npm:^1.10.0"
  checksum: 10c0/70aeaa61f697dd2d21dc2ef12f1586d8f67bcb6a6bc3bb19329c0d66ae0d809eb7374b7baa3cf4b6588198edd3714c9156ca67ac520a8b7d3f44fcd1f705a080
  languageName: node
  linkType: hard

"@abp/bootstrap-daterangepicker@npm:~9.0.0":
  version: 9.0.0
  resolution: "@abp/bootstrap-daterangepicker@npm:9.0.0"
  dependencies:
    bootstrap-daterangepicker: "npm:^3.1.0"
  checksum: 10c0/8bddbed7f97a6ea75ffb92dd1390fe5377e6aa63e9f501da4501ab2c0188bd6b838925fc63567b6427e8cabf666a24792abdc0e213a175d054f152550253a9f4
  languageName: node
  linkType: hard

"@abp/bootstrap@npm:~9.0.0":
  version: 9.0.0
  resolution: "@abp/bootstrap@npm:9.0.0"
  dependencies:
    "@abp/core": "npm:~9.0.0"
    bootstrap: "npm:^5.3.3"
  checksum: 10c0/94c9f6203b5055b1a769ae57c1009c779228300b50532b5f7d47b2e0cb97d704dc28792698884cf351b1f0f808d8e8cefa4bdba79234c916fc970959bbc5110a
  languageName: node
  linkType: hard

"@abp/core@npm:~9.0.0":
  version: 9.0.0
  resolution: "@abp/core@npm:9.0.0"
  dependencies:
    "@abp/utils": "npm:~9.0.0"
  checksum: 10c0/8dd3e9beac4956a5d0f8d7043ca3335b3dca77c660feb7d58780486caed491b3c20dc2049968e74def6fe6ec327b9c80776e23e2a58a62fcf06403dc85436ea6
  languageName: node
  linkType: hard

"@abp/datatables.net-bs5@npm:~9.0.0":
  version: 9.0.0
  resolution: "@abp/datatables.net-bs5@npm:9.0.0"
  dependencies:
    "@abp/datatables.net": "npm:~9.0.0"
    datatables.net-bs5: "npm:^2.1.8"
  checksum: 10c0/4bcf55b899d047735bf87703acc5acfb213838f26f40313044c77f0c5a8359da7a148f5beed7e10c0da260746f4a9c1068ea727141ebe670dadd8a70f9c66c99
  languageName: node
  linkType: hard

"@abp/datatables.net@npm:~9.0.0":
  version: 9.0.0
  resolution: "@abp/datatables.net@npm:9.0.0"
  dependencies:
    "@abp/jquery": "npm:~9.0.0"
    datatables.net: "npm:^2.1.8"
  checksum: 10c0/c23c00eaecb3b88d34126f63cbbe392799ab0e7109674c50a570ad7523bfe90b5c5dae709d23dcfb65a1ca0b8f198b50738635eb622eab5fe44d4697d84fb8c4
  languageName: node
  linkType: hard

"@abp/font-awesome@npm:~9.0.0":
  version: 9.0.0
  resolution: "@abp/font-awesome@npm:9.0.0"
  dependencies:
    "@abp/core": "npm:~9.0.0"
    "@fortawesome/fontawesome-free": "npm:^6.6.0"
  checksum: 10c0/98aa9b325ceac3d1dc2d5f331113f2d10620d64803cde8cd53068373275d97bc92d0fe200e8117368d5c97e2240ae781562aedb38ac537a0744d4bed2e849189
  languageName: node
  linkType: hard

"@abp/jquery-form@npm:~9.0.0":
  version: 9.0.0
  resolution: "@abp/jquery-form@npm:9.0.0"
  dependencies:
    "@abp/jquery": "npm:~9.0.0"
    jquery-form: "npm:^4.3.0"
  checksum: 10c0/9baed9e332b1c8765e7c548a20fc4410e39b3dfe080085401e8954ed71a3c0429457213c287f07eb837a37c4e297ed6a1df7cd19c8ecf9b9f449e7b819b0cbc2
  languageName: node
  linkType: hard

"@abp/jquery-validation-unobtrusive@npm:~9.0.0":
  version: 9.0.0
  resolution: "@abp/jquery-validation-unobtrusive@npm:9.0.0"
  dependencies:
    "@abp/jquery-validation": "npm:~9.0.0"
    jquery-validation-unobtrusive: "npm:^4.0.0"
  checksum: 10c0/4bdd4661d45a59465b339dbbf198290a6b3992a3f46e287d3104adba4dfdd0858634b8fb97adba923a8b852a11bb53763566952eddc4a97715bdf0f0c741f33e
  languageName: node
  linkType: hard

"@abp/jquery-validation@npm:~9.0.0":
  version: 9.0.0
  resolution: "@abp/jquery-validation@npm:9.0.0"
  dependencies:
    "@abp/jquery": "npm:~9.0.0"
    jquery-validation: "npm:^1.21.0"
  checksum: 10c0/2cd39356e218aac2b58a31f66fb6a6b90e89e25391a3cb58756a7d69e2d9aac70bbb66a44c72d56be3da7458a4d56ceede47b58868521d2e0abb0829f7cb7d8d
  languageName: node
  linkType: hard

"@abp/jquery@npm:~9.0.0":
  version: 9.0.0
  resolution: "@abp/jquery@npm:9.0.0"
  dependencies:
    "@abp/core": "npm:~9.0.0"
    jquery: "npm:~3.7.1"
  checksum: 10c0/3e5e9d6780ad9f47c6b0200a9bdd9d5386fbd05feb7c90b3da4451b5e53e46b34874edc64109396f1e38c81dacb5460fb827821e8f49d40f456367bd833bc984
  languageName: node
  linkType: hard

"@abp/lodash@npm:~9.0.0":
  version: 9.0.0
  resolution: "@abp/lodash@npm:9.0.0"
  dependencies:
    "@abp/core": "npm:~9.0.0"
    lodash: "npm:^4.17.21"
  checksum: 10c0/59962f8dc17140749c15a6c4e3917e418865ca7ec64437620c98439e90c1564f73e325b0bbeefd88b9a5be4ca576452f3c8a482a2183517920b10e00ade6d6d4
  languageName: node
  linkType: hard

"@abp/luxon@npm:~9.0.0":
  version: 9.0.0
  resolution: "@abp/luxon@npm:9.0.0"
  dependencies:
    "@abp/core": "npm:~9.0.0"
    luxon: "npm:^3.5.0"
  checksum: 10c0/83e3a17ecec96982927d81459efb35f8f25765cdcf0e9efe21e5f218401c5e8415c0dec98493b641111112b596f5a8577ed619e854763fa6ba7865261c5717c0
  languageName: node
  linkType: hard

"@abp/malihu-custom-scrollbar-plugin@npm:~9.0.0":
  version: 9.0.0
  resolution: "@abp/malihu-custom-scrollbar-plugin@npm:9.0.0"
  dependencies:
    "@abp/core": "npm:~9.0.0"
    malihu-custom-scrollbar-plugin: "npm:^3.1.5"
  checksum: 10c0/495aa76bc8922166e5329a247e22e3db13765dbd83df4962bb22484a563553549cdad17657ffc530a617776be6336de2f02f673a55fd3e70a05feb7821fbaa95
  languageName: node
  linkType: hard

"@abp/moment@npm:~9.0.0":
  version: 9.0.0
  resolution: "@abp/moment@npm:9.0.0"
  dependencies:
    moment: "npm:^2.30.1"
  checksum: 10c0/951023876f455f0eadcaafd7fe85219cc8a637f9a377fd0e45b76584d342cf9c1d2f107f3c2398bea23b64a768257c6dbdd52cef2f05b48b4fd09f0e536af4fb
  languageName: node
  linkType: hard

"@abp/select2@npm:~9.0.0":
  version: 9.0.0
  resolution: "@abp/select2@npm:9.0.0"
  dependencies:
    "@abp/core": "npm:~9.0.0"
    select2: "npm:^4.0.13"
  checksum: 10c0/d90f5a76068ee0f077e984aed8b517a8f4af1a1e0c33edc5a514f31dd11acc4d6964a7191f24bfd5467c76d33c238e3c067f4c50be7ebba437ece98c5ce55531
  languageName: node
  linkType: hard

"@abp/sweetalert2@npm:~9.0.0":
  version: 9.0.0
  resolution: "@abp/sweetalert2@npm:9.0.0"
  dependencies:
    "@abp/core": "npm:~9.0.0"
    sweetalert2: "npm:^11.14.1"
  checksum: 10c0/b2cd8023fee7ddafddbf6583003bebd885f4e14ed6d7ba5c9a435a8bc645b3c2fd5cf34da9c1d95b7b3c20bff12b2c7363778df32f33d7d44a2db2a07f29a24f
  languageName: node
  linkType: hard

"@abp/timeago@npm:~9.0.0":
  version: 9.0.0
  resolution: "@abp/timeago@npm:9.0.0"
  dependencies:
    "@abp/jquery": "npm:~9.0.0"
    timeago: "npm:^1.6.7"
  checksum: 10c0/c6e40c5edf1ffc4dd104e52e4f744cf457bfd3c593bfd878e7b8157073457fb1a10b17646d890f3eb0f1ad856f4cf265393f0453d39823e42e88447305db49a9
  languageName: node
  linkType: hard

"@abp/toastr@npm:~9.0.0":
  version: 9.0.0
  resolution: "@abp/toastr@npm:9.0.0"
  dependencies:
    "@abp/jquery": "npm:~9.0.0"
    toastr: "npm:^2.1.4"
  checksum: 10c0/7673709d52cd61a408677bbcb015b8b3bf837c792a8e9da75ef02873e2892448c07964d357553c0e1d2f863295794be49c465764792e819c3c66e62b9311c15b
  languageName: node
  linkType: hard

"@abp/utils@npm:~9.0.0":
  version: 9.0.0
  resolution: "@abp/utils@npm:9.0.0"
  dependencies:
    just-compare: "npm:^2.3.0"
  checksum: 10c0/eba73d27e9243dd3d85ed2a30dc7cde26ef43b52954ff072bd69003fe9e0c7c06a288d37391a3e8e6b5f67c5167e8a06b91eff26dc0e67b018d464fb44d50763
  languageName: node
  linkType: hard

"@fortawesome/fontawesome-free@npm:^6.6.0":
  version: 6.7.1
  resolution: "@fortawesome/fontawesome-free@npm:6.7.1"
  checksum: 10c0/5bebf5f9684fc377fb7df36cf7ee37e112a8987e592228ac464b81edc0eb002e1fa8675977b82d15d304cda813da4fafbc38cf0c3ca2744c710390a58a460495
  languageName: node
  linkType: hard

"ansi-colors@npm:^4.1.3":
  version: 4.1.3
  resolution: "ansi-colors@npm:4.1.3"
  checksum: 10c0/ec87a2f59902f74e61eada7f6e6fe20094a628dab765cfdbd03c3477599368768cffccdb5d3bb19a1b6c99126783a143b1fee31aab729b31ffe5836c7e5e28b9
  languageName: node
  linkType: hard

"bootstrap-datepicker@npm:^1.10.0":
  version: 1.10.0
  resolution: "bootstrap-datepicker@npm:1.10.0"
  dependencies:
    jquery: "npm:>=3.4.0 <4.0.0"
  checksum: 10c0/75acc7596cb7f8be26100885672097e77e2c9f1e4ec1d8ca9a716d3471f4e1167670d099e72f5e278b9bd88dfba31e65627cbcf1e41b0557c5835688b4939333
  languageName: node
  linkType: hard

"bootstrap-daterangepicker@npm:^3.1.0":
  version: 3.1.0
  resolution: "bootstrap-daterangepicker@npm:3.1.0"
  dependencies:
    jquery: "npm:>=1.10"
    moment: "npm:^2.9.0"
  checksum: 10c0/ab54b5247df355d85d478c8a7e0f5cb299d0064a14722d4311d7147bc72a06c4391752f3b49a2ae0c1ff861c563d17a99042cf7b6056a2ad5986f30c8c85623e
  languageName: node
  linkType: hard

"bootstrap@npm:^5.3.3":
  version: 5.3.3
  resolution: "bootstrap@npm:5.3.3"
  peerDependencies:
    "@popperjs/core": ^2.11.8
  checksum: 10c0/bb68ca7b763977b9cce40cb5b8c676ae19a716d2f5d15009fa7bdbcec9dea426968e3cb748fbed7592fbf10edd7c749aea841c2920996a7c1aa5e0a6e2d4c2ad
  languageName: node
  linkType: hard

"datatables.net-bs5@npm:^2.1.8":
  version: 2.1.8
  resolution: "datatables.net-bs5@npm:2.1.8"
  dependencies:
    datatables.net: "npm:2.1.8"
    jquery: "npm:>=1.7"
  checksum: 10c0/8627fc9c599fae958478f67f49f9c14555afbb00b03621294edab57ff81b4edb7405afb6cd9be2872d622859e1a8bff4363b41cbdf45905035f4ff888b33f7d8
  languageName: node
  linkType: hard

"datatables.net@npm:2.1.8, datatables.net@npm:^2.1.8":
  version: 2.1.8
  resolution: "datatables.net@npm:2.1.8"
  dependencies:
    jquery: "npm:>=1.7"
  checksum: 10c0/0c669c84c03bc63610bb885f5d0e84829221e26ae1e15d9568544b6acd9df3e89aac3b74f367af4267850498cd56feb591fbcf70c8cda0b114ca325ea94da473
  languageName: node
  linkType: hard

"jquery-form@npm:^4.3.0":
  version: 4.3.0
  resolution: "jquery-form@npm:4.3.0"
  dependencies:
    jquery: "npm:>=1.7.2"
  checksum: 10c0/69bc684a612978a47d83a8f6b54f4a288a90e4142201233d4b15449251c365dd0e2b30fa042c4209097d1d5eb8fd72cb7facf92384f8aa39650fa9eed2d10c28
  languageName: node
  linkType: hard

"jquery-mousewheel@npm:>=3.0.6":
  version: 3.1.13
  resolution: "jquery-mousewheel@npm:3.1.13"
  checksum: 10c0/acd57dfe7d2268ddddb906cfca6316fb364aeb74dc4d15379baa60c88b5fd3cc0aa7830e09cb6e702a4de9306e467519f147396e49f2f9c9f2c7118537721fab
  languageName: node
  linkType: hard

"jquery-validation-unobtrusive@npm:^4.0.0":
  version: 4.0.0
  resolution: "jquery-validation-unobtrusive@npm:4.0.0"
  dependencies:
    jquery: "npm:^3.6.0"
    jquery-validation: "npm:>=1.19"
  checksum: 10c0/17d28abec3759c1b615bfd6aaa87fea8ac2bea5c925fc1cab90da3e9c76d9feb29740877936ef41ed073eecc4f3a1a6b415f29cd00605fa02deb77427395646e
  languageName: node
  linkType: hard

"jquery-validation@npm:>=1.19, jquery-validation@npm:^1.21.0":
  version: 1.21.0
  resolution: "jquery-validation@npm:1.21.0"
  peerDependencies:
    jquery: ^1.7 || ^2.0 || ^3.1
  checksum: 10c0/b5e51fc037f79779f38bbc74dab9d1568d9f7821128aff6dcfeb12b39f0dea79f763516dc3e05b45fc9a2e9282037b08eccad0eef29fc3a23a0211454ab0f0e5
  languageName: node
  linkType: hard

"jquery@npm:>=1.10":
  version: 3.6.3
  resolution: "jquery@npm:3.6.3"
  checksum: 10c0/e507b74e078761464620f8dd407fc9cc576892ffb8852a94c22b2f3371f028c97c8fb2ceaea895a4dbc0dd97106b3c35ab3e552c36516bf6cfd6ec84489fcef6
  languageName: node
  linkType: hard

"jquery@npm:>=1.12.0, jquery@npm:>=1.5.0 <4.0, jquery@npm:>=1.7, jquery@npm:>=1.7.2":
  version: 3.6.1
  resolution: "jquery@npm:3.6.1"
  checksum: 10c0/5867ba6c9f4eecb8e55965288799b2569f83cdac5f97602d6ae17959c3ff17e728dc7c6f75e607e00d235bfb41d6c730b61953a0052046e67784e2fb5edd151c
  languageName: node
  linkType: hard

"jquery@npm:>=3.4.0 <4.0.0, jquery@npm:^3.6.0, jquery@npm:~3.7.1":
  version: 3.7.1
  resolution: "jquery@npm:3.7.1"
  checksum: 10c0/808cfbfb758438560224bf26e17fcd5afc7419170230c810dd11f5c1792e2263e2970cca8d659eb84fcd9acc301edb6d310096e450277d54be4f57071b0c82d9
  languageName: node
  linkType: hard

"just-compare@npm:^2.3.0":
  version: 2.3.0
  resolution: "just-compare@npm:2.3.0"
  checksum: 10c0/f99853b608c06bc36f3727220b159626a16c4ac890216725db83dd06d99d6cd1d5e8c3a2ab02072a39350f44d07745c14918be0db4aff74b744ed787712adeec
  languageName: node
  linkType: hard

"lodash@npm:^4.17.21":
  version: 4.17.21
  resolution: "lodash@npm:4.17.21"
  checksum: 10c0/d8cbea072bb08655bb4c989da418994b073a608dffa608b09ac04b43a791b12aeae7cd7ad919aa4c925f33b48490b5cfe6c1f71d827956071dae2e7bb3a6b74c
  languageName: node
  linkType: hard

"luxon@npm:^3.5.0":
  version: 3.5.0
  resolution: "luxon@npm:3.5.0"
  checksum: 10c0/335789bba95077db831ef99894edadeb23023b3eb2137a1b56acd0d290082b691cf793143d69e30bc069ec95f0b49f36419f48e951c68014f19ffe12045e3494
  languageName: node
  linkType: hard

"malihu-custom-scrollbar-plugin@npm:^3.1.5":
  version: 3.1.5
  resolution: "malihu-custom-scrollbar-plugin@npm:3.1.5"
  dependencies:
    jquery-mousewheel: "npm:>=3.0.6"
  checksum: 10c0/f0eeb2cf7c53dfe3c02c11e9dc7ca0221101050beaca6b779c07bde2381bd599f0084158a2188c91dc8a2dd7eb9450db5af5063dbb31d65a0deefa29a1c9df99
  languageName: node
  linkType: hard

"moment@npm:^2.30.1":
  version: 2.30.1
  resolution: "moment@npm:2.30.1"
  checksum: 10c0/865e4279418c6de666fca7786607705fd0189d8a7b7624e2e56be99290ac846f90878a6f602e34b4e0455c549b85385b1baf9966845962b313699e7cb847543a
  languageName: node
  linkType: hard

"moment@npm:^2.9.0":
  version: 2.29.4
  resolution: "moment@npm:2.29.4"
  checksum: 10c0/844c6f3ce42862ac9467c8ca4f5e48a00750078682cc5bda1bc0e50cc7ca88e2115a0f932d65a06e4a90e26cb78892be9b3ca3dd6546ca2c4d994cebb787fc2b
  languageName: node
  linkType: hard

"my-app-authserver@workspace:.":
  version: 0.0.0-use.local
  resolution: "my-app-authserver@workspace:."
  dependencies:
    "@abp/aspnetcore.mvc.ui.theme.leptonxlite": "npm:~4.0.0"
  languageName: unknown
  linkType: soft

"select2@npm:^4.0.13":
  version: 4.0.13
  resolution: "select2@npm:4.0.13"
  checksum: 10c0/a393866565a5f878ca21276ed32793595851debb35ff48a8c368640e732619349f547d335b438b45ff5647145eb6c5af868cd5153740de58306a2dca2498550f
  languageName: node
  linkType: hard

"sweetalert2@npm:^11.14.1":
  version: 11.14.5
  resolution: "sweetalert2@npm:11.14.5"
  checksum: 10c0/8e340812790e91082cb98ddf8c48e4495f3b9bec2229ddd78444c89a45dea9bc36ea42c2e138c6ba82f4fa3d1e039d7a7ee0b2f538a1213ea03c86a753f79c30
  languageName: node
  linkType: hard

"timeago@npm:^1.6.7":
  version: 1.6.7
  resolution: "timeago@npm:1.6.7"
  dependencies:
    jquery: "npm:>=1.5.0 <4.0"
  checksum: 10c0/e5337d3d071590d4c75a101d50b2651153f5a25212e4c37476533f8cd4bc014fb335934b4290deef06842bf3df14181e83a81e099038efc535d59d191abac2c6
  languageName: node
  linkType: hard

"toastr@npm:^2.1.4":
  version: 2.1.4
  resolution: "toastr@npm:2.1.4"
  dependencies:
    jquery: "npm:>=1.12.0"
  checksum: 10c0/325ef9faa5d67fced64461a3c641002ca24492917c9d8c5c1a782d11f7e3ed5281683e3e00310c756365e3475ef6719e6acd93462228b8ac050eb6feee8ced60
  languageName: node
  linkType: hard
